
Microsoft Visual Studio Solution File, Format Version 11.00
# Visual Studio 2010
# SharpDevelop 5.1
Project("{FAE04EC0-301F-11D3-BF4B-00C04F79EFBC}") = "TinyBeanVMAssemblerCLI", "TinyBeanVMAssemblerCLI\TinyBeanVMAssemblerCLI.csproj", "{A13C5114-B004-4C8C-BBCA-6E0EA20723F8}"
EndProject
Project("{FAE04EC0-301F-11D3-BF4B-00C04F79EFBC}") = "TinyBeanVMMachineCLI", "TinyBeanVMMachineCLI\TinyBeanVMMachineCLI.csproj", "{12F3E0C4-CD7B-4C62-89C6-9724613A474E}"
EndProject
Project("{FAE04EC0-301F-11D3-BF4B-00C04F79EFBC}") = "TinyBeanVMQScript", "TinyBeanVMQScript\TinyBeanVMQScript.csproj", "{187DBFBF-DEA2-4038-A7E1-DD023944D0CD}"
EndProject
Global
	GlobalSection(SolutionConfigurationPlatforms) = preSolution
		Debug|Any CPU = Debug|Any CPU
		Release|Any CPU = Release|Any CPU
	EndGlobalSection
	GlobalSection(ProjectConfigurationPlatforms) = postSolution
		{A13C5114-B004-4C8C-BBCA-6E0EA20723F8}.Debug|Any CPU.ActiveCfg = Debug|Any CPU
		{A13C5114-B004-4C8C-BBCA-6E0EA20723F8}.Debug|Any CPU.Build.0 = Debug|Any CPU
		{A13C5114-B004-4C8C-BBCA-6E0EA20723F8}.Release|Any CPU.ActiveCfg = Release|Any CPU
		{A13C5114-B004-4C8C-BBCA-6E0EA20723F8}.Release|Any CPU.Build.0 = Release|Any CPU
		{12F3E0C4-CD7B-4C62-89C6-9724613A474E}.Debug|Any CPU.ActiveCfg = Debug|Any CPU
		{12F3E0C4-CD7B-4C62-89C6-9724613A474E}.Debug|Any CPU.Build.0 = Debug|Any CPU
		{12F3E0C4-CD7B-4C62-89C6-9724613A474E}.Release|Any CPU.ActiveCfg = Release|Any CPU
		{12F3E0C4-CD7B-4C62-89C6-9724613A474E}.Release|Any CPU.Build.0 = Release|Any CPU
		{187DBFBF-DEA2-4038-A7E1-DD023944D0CD}.Debug|Any CPU.ActiveCfg = Debug|Any CPU
		{187DBFBF-DEA2-4038-A7E1-DD023944D0CD}.Debug|Any CPU.Build.0 = Debug|Any CPU
		{187DBFBF-DEA2-4038-A7E1-DD023944D0CD}.Release|Any CPU.ActiveCfg = Release|Any CPU
		{187DBFBF-DEA2-4038-A7E1-DD023944D0CD}.Release|Any CPU.Build.0 = Release|Any CPU
	EndGlobalSection
EndGlobal
